
Microsoft Visual Studio Solution File, Format Version 12.00
# Visual Studio Version 17
VisualStudioVersion = 17.4.33205.214
MinimumVisualStudioVersion = 10.0.40219.1
Project("{9A19103F-16F7-4668-BE54-9A1E7A4F7556}") = "SIMCMD", "SIMCMD\SIMCMD.csproj", "{6445D1F8-8473-4C4A-AEC1-9AF20A650269}"
EndProject
Global
	GlobalSection(SolutionConfigurationPlatforms) = preSolution
		Debug|Any CPU = Debug|Any CPU
		Release|Any CPU = Release|Any CPU
	EndGlobalSection
	GlobalSection(ProjectConfigurationPlatforms) = postSolution
		{6445D1F8-8473-4C4A-AEC1-9AF20A650269}.Debug|Any CPU.ActiveCfg = Debug|Any CPU
		{6445D1F8-8473-4C4A-AEC1-9AF20A650269}.Debug|Any CPU.Build.0 = Debug|Any CPU
		{6445D1F8-8473-4C4A-AEC1-9AF20A650269}.Release|Any CPU.ActiveCfg = Release|Any CPU
		{6445D1F8-8473-4C4A-AEC1-9AF20A650269}.Release|Any CPU.Build.0 = Release|Any CPU
		{F6EE265C-37C0-4819-8A64-0359846AA9F8}.Debug|Any CPU.ActiveCfg = Debug|Any CPU
		{F6EE265C-37C0-4819-8A64-0359846AA9F8}.Debug|Any CPU.Build.0 = Debug|Any CPU
		{F6EE265C-37C0-4819-8A64-0359846AA9F8}.Release|Any CPU.ActiveCfg = Release|Any CPU
		{F6EE265C-37C0-4819-8A64-0359846AA9F8}.Release|Any CPU.Build.0 = Release|Any CPU
		{D4987582-41A7-479C-8899-A82E23EE573E}.Debug|Any CPU.ActiveCfg = Debug|Any CPU
		{D4987582-41A7-479C-8899-A82E23EE573E}.Debug|Any CPU.Build.0 = Debug|Any CPU
		{D4987582-41A7-479C-8899-A82E23EE573E}.Release|Any CPU.ActiveCfg = Release|Any CPU
		{D4987582-41A7-479C-8899-A82E23EE573E}.Release|Any CPU.Build.0 = Release|Any CPU
	EndGlobalSection
	GlobalSection(SolutionProperties) = preSolution
		HideSolutionNode = FALSE
	EndGlobalSection
	GlobalSection(ExtensibilityGlobals) = postSolution
		SolutionGuid = {8C3AF344-C61B-4CFF-A306-DC45F6469019}
	EndGlobalSection
EndGlobal
